
Microsoft Visual Studio Solution File, Format Version 12.00
# Visual Studio Version 17
VisualStudioVersion = 17.7.34018.315
MinimumVisualStudioVersion = 10.0.40219.1
Project("{8BC9CEB8-8B4A-11D0-8D11-00A0C91BC942}") = "MoveSemanticSmartPointers", "MoveSemanticSmartPointers\MoveSemanticSmartPointers.vcxproj", "{61F3066C-401C-498B-B0AE-F4DBC685711F}"
EndProject
Global
	GlobalSection(SolutionConfigurationPlatforms) = preSolution
		Debug|x64 = Debug|x64
		Debug|x86 = Debug|x86
		Release|x64 = Release|x64
		Release|x86 = Release|x86
	EndGlobalSection
	GlobalSection(ProjectConfigurationPlatforms) = postSolution
		{61F3066C-401C-498B-B0AE-F4DBC685711F}.Debug|x64.ActiveCfg = Debug|x64
		{61F3066C-401C-498B-B0AE-F4DBC685711F}.Debug|x64.Build.0 = Debug|x64
		{61F3066C-401C-498B-B0AE-F4DBC685711F}.Debug|x86.ActiveCfg = Debug|Win32
		{61F3066C-401C-498B-B0AE-F4DBC685711F}.Debug|x86.Build.0 = Debug|Win32
		{61F3066C-401C-498B-B0AE-F4DBC685711F}.Release|x64.ActiveCfg = Release|x64
		{61F3066C-401C-498B-B0AE-F4DBC685711F}.Release|x64.Build.0 = Release|x64
		{61F3066C-401C-498B-B0AE-F4DBC685711F}.Release|x86.ActiveCfg = Release|Win32
		{61F3066C-401C-498B-B0AE-F4DBC685711F}.Release|x86.Build.0 = Release|Win32
	EndGlobalSection
	GlobalSection(SolutionProperties) = preSolution
		HideSolutionNode = FALSE
	EndGlobalSection
	GlobalSection(ExtensibilityGlobals) = postSolution
		SolutionGuid = {6C98A21A-1413-4ABD-B7A9-63C5308C0020}
	EndGlobalSection
EndGlobal
